
Microsoft Visual Studio Solution File, Format Version 12.00
# Visual Studio Version 17
VisualStudioVersion = 17.2.32616.157
MinimumVisualStudioVersion = 10.0.40219.1
Project("{FAE04EC0-301F-11D3-BF4B-00C04F79EFBC}") = "WPF_TeachDeviceEmulator", "WPF_TeachDeviceEmulator.csproj", "{F20D7384-882E-4AD3-ABB1-A0953296DAAE}"
EndProject
Global
	GlobalSection(SolutionConfigurationPlatforms) = preSolution
		Debug|Any CPU = Debug|Any CPU
		Release|Any CPU = Release|Any CPU
	EndGlobalSection
	GlobalSection(ProjectConfigurationPlatforms) = postSolution
		{F20D7384-882E-4AD3-ABB1-A0953296DAAE}.Debug|Any CPU.ActiveCfg = Debug|Any CPU
		{F20D7384-882E-4AD3-ABB1-A0953296DAAE}.Debug|Any CPU.Build.0 = Debug|Any CPU
		{F20D7384-882E-4AD3-ABB1-A0953296DAAE}.Release|Any CPU.ActiveCfg = Release|Any CPU
		{F20D7384-882E-4AD3-ABB1-A0953296DAAE}.Release|Any CPU.Build.0 = Release|Any CPU
	EndGlobalSection
	GlobalSection(SolutionProperties) = preSolution
		HideSolutionNode = FALSE
	EndGlobalSection
	GlobalSection(ExtensibilityGlobals) = postSolution
		SolutionGuid = {491B006A-953C-4EDE-84DA-9D643E53DC62}
	EndGlobalSection
EndGlobal
