
Microsoft Visual Studio Solution File, Format Version 12.00
# Visual Studio Version 17
VisualStudioVersion = 17.2.32616.157
MinimumVisualStudioVersion = 10.0.40219.1
Project("{FAE04EC0-301F-11D3-BF4B-00C04F79EFBC}") = "WPF_APP_TUTORIAL", "WPF_APP_TUTORIAL.csproj", "{76BA099C-2A44-4607-8677-D93E91CDC23C}"
EndProject
Global
	GlobalSection(SolutionConfigurationPlatforms) = preSolution
		Debug|Any CPU = Debug|Any CPU
		Release|Any CPU = Release|Any CPU
	EndGlobalSection
	GlobalSection(ProjectConfigurationPlatforms) = postSolution
		{76BA099C-2A44-4607-8677-D93E91CDC23C}.Debug|Any CPU.ActiveCfg = Debug|Any CPU
		{76BA099C-2A44-4607-8677-D93E91CDC23C}.Debug|Any CPU.Build.0 = Debug|Any CPU
		{76BA099C-2A44-4607-8677-D93E91CDC23C}.Release|Any CPU.ActiveCfg = Release|Any CPU
		{76BA099C-2A44-4607-8677-D93E91CDC23C}.Release|Any CPU.Build.0 = Release|Any CPU
	EndGlobalSection
	GlobalSection(SolutionProperties) = preSolution
		HideSolutionNode = FALSE
	EndGlobalSection
	GlobalSection(ExtensibilityGlobals) = postSolution
		SolutionGuid = {4A0F9505-A100-4AAA-AFD0-85E5466F9803}
	EndGlobalSection
EndGlobal
